
Microsoft Visual Studio Solution File, Format Version 12.00
# Visual Studio Version 17
VisualStudioVersion = 17.12.35521.163 d17.12
MinimumVisualStudioVersion = 10.0.40219.1
Project("{FAE04EC0-301F-11D3-BF4B-00C04F79EFBC}") = "Advlab4", "Advlab4\Advlab4.csproj", "{54209D20-F9BF-4317-A0FF-A022C4F76FE8}"
EndProject
Project("{FAE04EC0-301F-11D3-BF4B-00C04F79EFBC}") = "part2", "part2\part2.csproj", "{3F49BB3A-BAB0-49CD-A0FD-B8270185E502}"
EndProject
Global
	GlobalSection(SolutionConfigurationPlatforms) = preSolution
		Debug|Any CPU = Debug|Any CPU
		Release|Any CPU = Release|Any CPU
	EndGlobalSection
	GlobalSection(ProjectConfigurationPlatforms) = postSolution
		{54209D20-F9BF-4317-A0FF-A022C4F76FE8}.Debug|Any CPU.ActiveCfg = Debug|Any CPU
		{54209D20-F9BF-4317-A0FF-A022C4F76FE8}.Debug|Any CPU.Build.0 = Debug|Any CPU
		{54209D20-F9BF-4317-A0FF-A022C4F76FE8}.Release|Any CPU.ActiveCfg = Release|Any CPU
		{54209D20-F9BF-4317-A0FF-A022C4F76FE8}.Release|Any CPU.Build.0 = Release|Any CPU
		{3F49BB3A-BAB0-49CD-A0FD-B8270185E502}.Debug|Any CPU.ActiveCfg = Debug|Any CPU
		{3F49BB3A-BAB0-49CD-A0FD-B8270185E502}.Debug|Any CPU.Build.0 = Debug|Any CPU
		{3F49BB3A-BAB0-49CD-A0FD-B8270185E502}.Release|Any CPU.ActiveCfg = Release|Any CPU
		{3F49BB3A-BAB0-49CD-A0FD-B8270185E502}.Release|Any CPU.Build.0 = Release|Any CPU
	EndGlobalSection
	GlobalSection(SolutionProperties) = preSolution
		HideSolutionNode = FALSE
	EndGlobalSection
EndGlobal
